
Microsoft Visual Studio Solution File, Format Version 12.00
# Visual Studio Version 16
VisualStudioVersion = 16.0.810.22
MinimumVisualStudioVersion = 10.0.40219.1
Project("{FAE04EC0-301F-11D3-BF4B-00C04F79EFBC}") = "CityQuizWebAPI", "CityQuizWebAPI\CityQuizWebAPI.csproj", "{BDF5CCFE-41A5-4493-ACC5-D90505D6FBF8}"
EndProject
Global
	GlobalSection(SolutionConfigurationPlatforms) = preSolution
		Debug|Any CPU = Debug|Any CPU
		Release|Any CPU = Release|Any CPU
	EndGlobalSection
	GlobalSection(ProjectConfigurationPlatforms) = postSolution
		{BDF5CCFE-41A5-4493-ACC5-D90505D6FBF8}.Debug|Any CPU.ActiveCfg = Debug|Any CPU
		{BDF5CCFE-41A5-4493-ACC5-D90505D6FBF8}.Debug|Any CPU.Build.0 = Debug|Any CPU
		{BDF5CCFE-41A5-4493-ACC5-D90505D6FBF8}.Release|Any CPU.ActiveCfg = Release|Any CPU
		{BDF5CCFE-41A5-4493-ACC5-D90505D6FBF8}.Release|Any CPU.Build.0 = Release|Any CPU
	EndGlobalSection
	GlobalSection(SolutionProperties) = preSolution
		HideSolutionNode = FALSE
	EndGlobalSection
	GlobalSection(ExtensibilityGlobals) = postSolution
		SolutionGuid = {400760B3-B8D9-4777-A00B-026033642370}
	EndGlobalSection
EndGlobal
